
Microsoft Visual Studio Solution File, Format Version 12.00
# Visual Studio Version 17
VisualStudioVersion = 17.10.35013.160
MinimumVisualStudioVersion = 10.0.40219.1
Project("{9A19103F-16F7-4668-BE54-9A1E7A4F7556}") = "FalconCampaign", "FalconCampaign.csproj", "{8C3CED33-A57F-4E37-B6A3-162A653547F1}"
EndProject
Project("{9A19103F-16F7-4668-BE54-9A1E7A4F7556}") = "CampaignTests", "..\CampaignTests\CampaignTests.csproj", "{07AF88AF-8E25-48D4-895C-7CF4C2E43D8F}"
EndProject
Project("{9A19103F-16F7-4668-BE54-9A1E7A4F7556}") = "ReverseEngineering", "..\..\repos\ReverseEngineering\ReverseEngineering.csproj", "{EC5B2540-8C15-4AE4-9D1D-FACBACA7BFEB}"
EndProject
Global
	GlobalSection(SolutionConfigurationPlatforms) = preSolution
		Debug|Any CPU = Debug|Any CPU
		Release|Any CPU = Release|Any CPU
	EndGlobalSection
	GlobalSection(ProjectConfigurationPlatforms) = postSolution
		{8C3CED33-A57F-4E37-B6A3-162A653547F1}.Debug|Any CPU.ActiveCfg = Debug|Any CPU
		{8C3CED33-A57F-4E37-B6A3-162A653547F1}.Debug|Any CPU.Build.0 = Debug|Any CPU
		{8C3CED33-A57F-4E37-B6A3-162A653547F1}.Release|Any CPU.ActiveCfg = Release|Any CPU
		{8C3CED33-A57F-4E37-B6A3-162A653547F1}.Release|Any CPU.Build.0 = Release|Any CPU
		{07AF88AF-8E25-48D4-895C-7CF4C2E43D8F}.Debug|Any CPU.ActiveCfg = Debug|Any CPU
		{07AF88AF-8E25-48D4-895C-7CF4C2E43D8F}.Debug|Any CPU.Build.0 = Debug|Any CPU
		{07AF88AF-8E25-48D4-895C-7CF4C2E43D8F}.Release|Any CPU.ActiveCfg = Release|Any CPU
		{07AF88AF-8E25-48D4-895C-7CF4C2E43D8F}.Release|Any CPU.Build.0 = Release|Any CPU
		{EC5B2540-8C15-4AE4-9D1D-FACBACA7BFEB}.Debug|Any CPU.ActiveCfg = Debug|Any CPU
		{EC5B2540-8C15-4AE4-9D1D-FACBACA7BFEB}.Debug|Any CPU.Build.0 = Debug|Any CPU
		{EC5B2540-8C15-4AE4-9D1D-FACBACA7BFEB}.Release|Any CPU.ActiveCfg = Release|Any CPU
		{EC5B2540-8C15-4AE4-9D1D-FACBACA7BFEB}.Release|Any CPU.Build.0 = Release|Any CPU
	EndGlobalSection
	GlobalSection(SolutionProperties) = preSolution
		HideSolutionNode = FALSE
	EndGlobalSection
	GlobalSection(ExtensibilityGlobals) = postSolution
		SolutionGuid = {1DD908E2-9280-417D-95DD-42F6916E74AE}
	EndGlobalSection
EndGlobal
